
Microsoft Visual Studio Solution File, Format Version 12.00
# Visual Studio 15
VisualStudioVersion = 15.0.27004.2010
MinimumVisualStudioVersion = 10.0.40219.1
Project("{2150E333-8FDC-42A3-9474-1A3956D46DE8}") = "src", "src", "{735FD936-62C6-4A6A-87D1-EA874A82ECD6}"
EndProject
Project("{9A19103F-16F7-4668-BE54-9A1E7A4F7556}") = "MowaInfo.ProtoSocket.Abstract", "src\MowaInfo.ProtoSocket.Abstract\MowaInfo.ProtoSocket.Abstract.csproj", "{D3823A49-D9E6-4797-93E4-049A62D55CD5}"
EndProject
Project("{9A19103F-16F7-4668-BE54-9A1E7A4F7556}") = "MowaInfo.ProtoSocket.Codecs", "src\MowaInfo.ProtoSocket.Codecs\MowaInfo.ProtoSocket.Codecs.csproj", "{E4C827E5-6912-4804-8EE9-0913C25F66BE}"
EndProject
Project("{2150E333-8FDC-42A3-9474-1A3956D46DE8}") = "test", "test", "{4379C79F-30BA-4F91-9A26-F699DDB27B0D}"
EndProject
Project("{9A19103F-16F7-4668-BE54-9A1E7A4F7556}") = "MowaInfo.ProtoSocket.Codecs.Tests", "test\MowaInfo.ProtoSocket.Codecs.Tests\MowaInfo.ProtoSocket.Codecs.Tests.csproj", "{91575466-9160-410E-A938-79D7B5DE55E0}"
EndProject
Project("{9A19103F-16F7-4668-BE54-9A1E7A4F7556}") = "MowaInfo.ProtoSocket.Tests", "test\MowaInfo.ProtoSocket.Tests\MowaInfo.ProtoSocket.Tests.csproj", "{03270C77-500E-4E3A-BB7A-63A9643A01BD}"
EndProject
Project("{9A19103F-16F7-4668-BE54-9A1E7A4F7556}") = "MowaInfo.ProtoSocket", "src\MowaInfo.ProtoSocket\MowaInfo.ProtoSocket.csproj", "{81C38655-D189-4FE2-853A-387EFAD17581}"
EndProject
Project("{9A19103F-16F7-4668-BE54-9A1E7A4F7556}") = "MowaInfo.ProtoSocket.Configuration", "src\MowaInfo.ProtoSocket.Configuration\MowaInfo.ProtoSocket.Configuration.csproj", "{5148F32B-B6E7-4CEF-A56A-E7B729037CB7}"
EndProject
Project("{9A19103F-16F7-4668-BE54-9A1E7A4F7556}") = "MowaInfo.ProtoSocket.Session", "src\MowaInfo.ProtoSocket.Session\MowaInfo.ProtoSocket.Session.csproj", "{901831DD-B2A3-461F-917C-7911ACE8AD5E}"
EndProject
Project("{9A19103F-16F7-4668-BE54-9A1E7A4F7556}") = "MowaInfo.ProtoSocket.Packing", "src\MowaInfo.ProtoSocket.Packing\MowaInfo.ProtoSocket.Packing.csproj", "{69FAF998-45EA-42D5-BB32-29C6F04347AC}"
EndProject
Project("{9A19103F-16F7-4668-BE54-9A1E7A4F7556}") = "MowaInfo.ProtoSocket.Bridging", "src\MowaInfo.ProtoSocket.Bridging\MowaInfo.ProtoSocket.Bridging.csproj", "{9CBF0B93-9E79-4538-A22F-B2E0F5A506EF}"
EndProject
Project("{9A19103F-16F7-4668-BE54-9A1E7A4F7556}") = "MowaInfo.ProtoSocket.Commands", "src\MowaInfo.ProtoSocket.Commands\MowaInfo.ProtoSocket.Commands.csproj", "{F657CD9D-C96E-422E-8BBA-A3B9E730FEF9}"
EndProject
Project("{2150E333-8FDC-42A3-9474-1A3956D46DE8}") = "tool", "tool", "{69B18ADA-9A08-4B72-B638-89306611FC57}"
EndProject
Project("{9A19103F-16F7-4668-BE54-9A1E7A4F7556}") = "MowaInfo.ProtoSocket.Tools", "tool\MowaInfo.ProtoSocket.Tools\MowaInfo.ProtoSocket.Tools.csproj", "{99C510DD-C205-4B66-8366-451FDEFF13C2}"
EndProject
Project("{9A19103F-16F7-4668-BE54-9A1E7A4F7556}") = "dotnet-proto", "tool\dotnet-proto\dotnet-proto.csproj", "{A1255B9D-9E27-4814-81B9-761ECA1A09FC}"
EndProject
Project("{9A19103F-16F7-4668-BE54-9A1E7A4F7556}") = "MowaInfo.ProtoSocket.Numberer", "src\MowaInfo.ProtoSocket.Numberer\MowaInfo.ProtoSocket.Numberer.csproj", "{BA965A32-ADA7-4BA8-B461-998E6872DE27}"
EndProject
Project("{9A19103F-16F7-4668-BE54-9A1E7A4F7556}") = "MowaInfo.ProtoSocket.Common", "src\MowaInfo.ProtoSocket.Common\MowaInfo.ProtoSocket.Common.csproj", "{A9DB6719-5FCE-4D29-80F1-5F6BD77F5011}"
EndProject
Project("{9A19103F-16F7-4668-BE54-9A1E7A4F7556}") = "MowaInfo.ProtoSocket.Annotations", "src\MowaInfo.ProtoSocket.Annotations\MowaInfo.ProtoSocket.Annotations.csproj", "{CEB112AD-CB30-47BA-9738-BD1D8DCF6F8B}"
EndProject
Project("{9A19103F-16F7-4668-BE54-9A1E7A4F7556}") = "ATest", "test\ATest\ATest.csproj", "{452EC92C-B1FB-45EE-86C4-0488E07D01B2}"
EndProject
Project("{9A19103F-16F7-4668-BE54-9A1E7A4F7556}") = "AutoGenerateTest", "test\AutoGenerateTest\AutoGenerateTest.csproj", "{3148F580-2CEC-47CC-9C35-56F33CD2A57F}"
EndProject
Global
	GlobalSection(SolutionConfigurationPlatforms) = preSolution
		Debug|Any CPU = Debug|Any CPU
		Release|Any CPU = Release|Any CPU
	EndGlobalSection
	GlobalSection(ProjectConfigurationPlatforms) = postSolution
		{D3823A49-D9E6-4797-93E4-049A62D55CD5}.Debug|Any CPU.ActiveCfg = Debug|Any CPU
		{D3823A49-D9E6-4797-93E4-049A62D55CD5}.Debug|Any CPU.Build.0 = Debug|Any CPU
		{D3823A49-D9E6-4797-93E4-049A62D55CD5}.Release|Any CPU.ActiveCfg = Release|Any CPU
		{D3823A49-D9E6-4797-93E4-049A62D55CD5}.Release|Any CPU.Build.0 = Release|Any CPU
		{E4C827E5-6912-4804-8EE9-0913C25F66BE}.Debug|Any CPU.ActiveCfg = Debug|Any CPU
		{E4C827E5-6912-4804-8EE9-0913C25F66BE}.Debug|Any CPU.Build.0 = Debug|Any CPU
		{E4C827E5-6912-4804-8EE9-0913C25F66BE}.Release|Any CPU.ActiveCfg = Release|Any CPU
		{E4C827E5-6912-4804-8EE9-0913C25F66BE}.Release|Any CPU.Build.0 = Release|Any CPU
		{91575466-9160-410E-A938-79D7B5DE55E0}.Debug|Any CPU.ActiveCfg = Debug|Any CPU
		{91575466-9160-410E-A938-79D7B5DE55E0}.Release|Any CPU.ActiveCfg = Release|Any CPU
		{03270C77-500E-4E3A-BB7A-63A9643A01BD}.Debug|Any CPU.ActiveCfg = Debug|Any CPU
		{03270C77-500E-4E3A-BB7A-63A9643A01BD}.Release|Any CPU.ActiveCfg = Release|Any CPU
		{81C38655-D189-4FE2-853A-387EFAD17581}.Debug|Any CPU.ActiveCfg = Debug|Any CPU
		{81C38655-D189-4FE2-853A-387EFAD17581}.Debug|Any CPU.Build.0 = Debug|Any CPU
		{81C38655-D189-4FE2-853A-387EFAD17581}.Release|Any CPU.ActiveCfg = Release|Any CPU
		{81C38655-D189-4FE2-853A-387EFAD17581}.Release|Any CPU.Build.0 = Release|Any CPU
		{5148F32B-B6E7-4CEF-A56A-E7B729037CB7}.Debug|Any CPU.ActiveCfg = Debug|Any CPU
		{5148F32B-B6E7-4CEF-A56A-E7B729037CB7}.Debug|Any CPU.Build.0 = Debug|Any CPU
		{5148F32B-B6E7-4CEF-A56A-E7B729037CB7}.Release|Any CPU.ActiveCfg = Release|Any CPU
		{5148F32B-B6E7-4CEF-A56A-E7B729037CB7}.Release|Any CPU.Build.0 = Release|Any CPU
		{901831DD-B2A3-461F-917C-7911ACE8AD5E}.Debug|Any CPU.ActiveCfg = Debug|Any CPU
		{901831DD-B2A3-461F-917C-7911ACE8AD5E}.Debug|Any CPU.Build.0 = Debug|Any CPU
		{901831DD-B2A3-461F-917C-7911ACE8AD5E}.Release|Any CPU.ActiveCfg = Release|Any CPU
		{901831DD-B2A3-461F-917C-7911ACE8AD5E}.Release|Any CPU.Build.0 = Release|Any CPU
		{69FAF998-45EA-42D5-BB32-29C6F04347AC}.Debug|Any CPU.ActiveCfg = Debug|Any CPU
		{69FAF998-45EA-42D5-BB32-29C6F04347AC}.Debug|Any CPU.Build.0 = Debug|Any CPU
		{69FAF998-45EA-42D5-BB32-29C6F04347AC}.Release|Any CPU.ActiveCfg = Release|Any CPU
		{69FAF998-45EA-42D5-BB32-29C6F04347AC}.Release|Any CPU.Build.0 = Release|Any CPU
		{9CBF0B93-9E79-4538-A22F-B2E0F5A506EF}.Debug|Any CPU.ActiveCfg = Debug|Any CPU
		{9CBF0B93-9E79-4538-A22F-B2E0F5A506EF}.Debug|Any CPU.Build.0 = Debug|Any CPU
		{9CBF0B93-9E79-4538-A22F-B2E0F5A506EF}.Release|Any CPU.ActiveCfg = Release|Any CPU
		{9CBF0B93-9E79-4538-A22F-B2E0F5A506EF}.Release|Any CPU.Build.0 = Release|Any CPU
		{F657CD9D-C96E-422E-8BBA-A3B9E730FEF9}.Debug|Any CPU.ActiveCfg = Debug|Any CPU
		{F657CD9D-C96E-422E-8BBA-A3B9E730FEF9}.Debug|Any CPU.Build.0 = Debug|Any CPU
		{F657CD9D-C96E-422E-8BBA-A3B9E730FEF9}.Release|Any CPU.ActiveCfg = Release|Any CPU
		{F657CD9D-C96E-422E-8BBA-A3B9E730FEF9}.Release|Any CPU.Build.0 = Release|Any CPU
		{99C510DD-C205-4B66-8366-451FDEFF13C2}.Debug|Any CPU.ActiveCfg = Debug|Any CPU
		{99C510DD-C205-4B66-8366-451FDEFF13C2}.Debug|Any CPU.Build.0 = Debug|Any CPU
		{99C510DD-C205-4B66-8366-451FDEFF13C2}.Release|Any CPU.ActiveCfg = Release|Any CPU
		{99C510DD-C205-4B66-8366-451FDEFF13C2}.Release|Any CPU.Build.0 = Release|Any CPU
		{A1255B9D-9E27-4814-81B9-761ECA1A09FC}.Debug|Any CPU.ActiveCfg = Debug|Any CPU
		{A1255B9D-9E27-4814-81B9-761ECA1A09FC}.Debug|Any CPU.Build.0 = Debug|Any CPU
		{A1255B9D-9E27-4814-81B9-761ECA1A09FC}.Release|Any CPU.ActiveCfg = Release|Any CPU
		{A1255B9D-9E27-4814-81B9-761ECA1A09FC}.Release|Any CPU.Build.0 = Release|Any CPU
		{BA965A32-ADA7-4BA8-B461-998E6872DE27}.Debug|Any CPU.ActiveCfg = Debug|Any CPU
		{BA965A32-ADA7-4BA8-B461-998E6872DE27}.Debug|Any CPU.Build.0 = Debug|Any CPU
		{BA965A32-ADA7-4BA8-B461-998E6872DE27}.Release|Any CPU.ActiveCfg = Release|Any CPU
		{BA965A32-ADA7-4BA8-B461-998E6872DE27}.Release|Any CPU.Build.0 = Release|Any CPU
		{A9DB6719-5FCE-4D29-80F1-5F6BD77F5011}.Debug|Any CPU.ActiveCfg = Debug|Any CPU
		{A9DB6719-5FCE-4D29-80F1-5F6BD77F5011}.Debug|Any CPU.Build.0 = Debug|Any CPU
		{A9DB6719-5FCE-4D29-80F1-5F6BD77F5011}.Release|Any CPU.ActiveCfg = Release|Any CPU
		{A9DB6719-5FCE-4D29-80F1-5F6BD77F5011}.Release|Any CPU.Build.0 = Release|Any CPU
		{CEB112AD-CB30-47BA-9738-BD1D8DCF6F8B}.Debug|Any CPU.ActiveCfg = Debug|Any CPU
		{CEB112AD-CB30-47BA-9738-BD1D8DCF6F8B}.Debug|Any CPU.Build.0 = Debug|Any CPU
		{CEB112AD-CB30-47BA-9738-BD1D8DCF6F8B}.Release|Any CPU.ActiveCfg = Release|Any CPU
		{CEB112AD-CB30-47BA-9738-BD1D8DCF6F8B}.Release|Any CPU.Build.0 = Release|Any CPU
		{452EC92C-B1FB-45EE-86C4-0488E07D01B2}.Debug|Any CPU.ActiveCfg = Debug|Any CPU
		{452EC92C-B1FB-45EE-86C4-0488E07D01B2}.Debug|Any CPU.Build.0 = Debug|Any CPU
		{452EC92C-B1FB-45EE-86C4-0488E07D01B2}.Release|Any CPU.ActiveCfg = Release|Any CPU
		{452EC92C-B1FB-45EE-86C4-0488E07D01B2}.Release|Any CPU.Build.0 = Release|Any CPU
		{3148F580-2CEC-47CC-9C35-56F33CD2A57F}.Debug|Any CPU.ActiveCfg = Debug|Any CPU
		{3148F580-2CEC-47CC-9C35-56F33CD2A57F}.Debug|Any CPU.Build.0 = Debug|Any CPU
		{3148F580-2CEC-47CC-9C35-56F33CD2A57F}.Release|Any CPU.ActiveCfg = Release|Any CPU
		{3148F580-2CEC-47CC-9C35-56F33CD2A57F}.Release|Any CPU.Build.0 = Release|Any CPU
	EndGlobalSection
	GlobalSection(SolutionProperties) = preSolution
		HideSolutionNode = FALSE
	EndGlobalSection
	GlobalSection(NestedProjects) = preSolution
		{D3823A49-D9E6-4797-93E4-049A62D55CD5} = {735FD936-62C6-4A6A-87D1-EA874A82ECD6}
		{E4C827E5-6912-4804-8EE9-0913C25F66BE} = {735FD936-62C6-4A6A-87D1-EA874A82ECD6}
		{91575466-9160-410E-A938-79D7B5DE55E0} = {4379C79F-30BA-4F91-9A26-F699DDB27B0D}
		{03270C77-500E-4E3A-BB7A-63A9643A01BD} = {4379C79F-30BA-4F91-9A26-F699DDB27B0D}
		{81C38655-D189-4FE2-853A-387EFAD17581} = {735FD936-62C6-4A6A-87D1-EA874A82ECD6}
		{5148F32B-B6E7-4CEF-A56A-E7B729037CB7} = {735FD936-62C6-4A6A-87D1-EA874A82ECD6}
		{901831DD-B2A3-461F-917C-7911ACE8AD5E} = {735FD936-62C6-4A6A-87D1-EA874A82ECD6}
		{69FAF998-45EA-42D5-BB32-29C6F04347AC} = {735FD936-62C6-4A6A-87D1-EA874A82ECD6}
		{9CBF0B93-9E79-4538-A22F-B2E0F5A506EF} = {735FD936-62C6-4A6A-87D1-EA874A82ECD6}
		{F657CD9D-C96E-422E-8BBA-A3B9E730FEF9} = {735FD936-62C6-4A6A-87D1-EA874A82ECD6}
		{99C510DD-C205-4B66-8366-451FDEFF13C2} = {69B18ADA-9A08-4B72-B638-89306611FC57}
		{A1255B9D-9E27-4814-81B9-761ECA1A09FC} = {69B18ADA-9A08-4B72-B638-89306611FC57}
		{BA965A32-ADA7-4BA8-B461-998E6872DE27} = {735FD936-62C6-4A6A-87D1-EA874A82ECD6}
		{A9DB6719-5FCE-4D29-80F1-5F6BD77F5011} = {735FD936-62C6-4A6A-87D1-EA874A82ECD6}
		{CEB112AD-CB30-47BA-9738-BD1D8DCF6F8B} = {735FD936-62C6-4A6A-87D1-EA874A82ECD6}
		{452EC92C-B1FB-45EE-86C4-0488E07D01B2} = {4379C79F-30BA-4F91-9A26-F699DDB27B0D}
		{3148F580-2CEC-47CC-9C35-56F33CD2A57F} = {4379C79F-30BA-4F91-9A26-F699DDB27B0D}
	EndGlobalSection
	GlobalSection(ExtensibilityGlobals) = postSolution
		SolutionGuid = {679B5D20-D9DE-4034-B400-A9C586E6D5A2}
	EndGlobalSection
EndGlobal
