
Microsoft Visual Studio Solution File, Format Version 12.00
# Visual Studio 15
VisualStudioVersion = 15.0.26730.12
MinimumVisualStudioVersion = 10.0.40219.1
Project("{2150E333-8FDC-42A3-9474-1A3956D46DE8}") = "src", "src", "{735FD936-62C6-4A6A-87D1-EA874A82ECD6}"
EndProject
Project("{9A19103F-16F7-4668-BE54-9A1E7A4F7556}") = "MowaInfo.ProtoSocket.Abstract", "src\MowaInfo.ProtoSocket.Abstract\MowaInfo.ProtoSocket.Abstract.csproj", "{D3823A49-D9E6-4797-93E4-049A62D55CD5}"
EndProject
Project("{9A19103F-16F7-4668-BE54-9A1E7A4F7556}") = "MowaInfo.ProtoSocket.Codecs", "src\MowaInfo.ProtoSocket.Codecs\MowaInfo.ProtoSocket.Codecs.csproj", "{E4C827E5-6912-4804-8EE9-0913C25F66BE}"
EndProject
Project("{9A19103F-16F7-4668-BE54-9A1E7A4F7556}") = "MowaInfo.ProtoSocket.Router", "src\MowaInfo.ProtoSocket.Router\MowaInfo.ProtoSocket.Router.csproj", "{55E803EC-4369-4986-8594-EC0107B59470}"
EndProject
Project("{2150E333-8FDC-42A3-9474-1A3956D46DE8}") = "test", "test", "{4379C79F-30BA-4F91-9A26-F699DDB27B0D}"
EndProject
Project("{9A19103F-16F7-4668-BE54-9A1E7A4F7556}") = "MowaInfo.ProtoSocket.Codecs.Tests", "test\MowaInfo.ProtoSocket.Codecs.Tests\MowaInfo.ProtoSocket.Codecs.Tests.csproj", "{91575466-9160-410E-A938-79D7B5DE55E0}"
EndProject
Project("{9A19103F-16F7-4668-BE54-9A1E7A4F7556}") = "MowaInfo.ProtoSocket.Tests", "test\MowaInfo.ProtoSocket.Tests\MowaInfo.ProtoSocket.Tests.csproj", "{03270C77-500E-4E3A-BB7A-63A9643A01BD}"
EndProject
Project("{9A19103F-16F7-4668-BE54-9A1E7A4F7556}") = "MowaInfo.ProtoSocket", "src\MowaInfo.ProtoSocket\MowaInfo.ProtoSocket.csproj", "{81C38655-D189-4FE2-853A-387EFAD17581}"
EndProject
Project("{9A19103F-16F7-4668-BE54-9A1E7A4F7556}") = "MowaInfo.ProtoSocket.Configuration", "src\MowaInfo.ProtoSocket.Configuration\MowaInfo.ProtoSocket.Configuration.csproj", "{5148F32B-B6E7-4CEF-A56A-E7B729037CB7}"
EndProject
Project("{2150E333-8FDC-42A3-9474-1A3956D46DE8}") = "tool", "tool", "{CF7E8015-5448-4E15-9510-7E97111573E8}"
EndProject
Project("{9A19103F-16F7-4668-BE54-9A1E7A4F7556}") = "MowaInfo.ProtoSocket.Tools.Tests", "test\MowaInfo.ProtoSocket.Tools.Tests\MowaInfo.ProtoSocket.Tools.Tests.csproj", "{AD390F32-A3D5-4317-BC30-173A59724D57}"
EndProject
Project("{9A19103F-16F7-4668-BE54-9A1E7A4F7556}") = "dotnet-proto", "tool\dotnet-proto\dotnet-proto.csproj", "{7562AB66-8E50-4F8C-81DB-23B2ADBABDF6}"
EndProject
Project("{FAE04EC0-301F-11D3-BF4B-00C04F79EFBC}") = "MowaInfo.ProtoSocket.Tools", "tool\MowaInfo.ProtoSocket.Tools\MowaInfo.ProtoSocket.Tools.csproj", "{246AFD76-26B0-4D95-960E-9C6F2E42002E}"
EndProject
Global
	GlobalSection(SolutionConfigurationPlatforms) = preSolution
		Debug|Any CPU = Debug|Any CPU
		Release|Any CPU = Release|Any CPU
	EndGlobalSection
	GlobalSection(ProjectConfigurationPlatforms) = postSolution
		{D3823A49-D9E6-4797-93E4-049A62D55CD5}.Debug|Any CPU.ActiveCfg = Debug|Any CPU
		{D3823A49-D9E6-4797-93E4-049A62D55CD5}.Debug|Any CPU.Build.0 = Debug|Any CPU
		{D3823A49-D9E6-4797-93E4-049A62D55CD5}.Release|Any CPU.ActiveCfg = Release|Any CPU
		{D3823A49-D9E6-4797-93E4-049A62D55CD5}.Release|Any CPU.Build.0 = Release|Any CPU
		{E4C827E5-6912-4804-8EE9-0913C25F66BE}.Debug|Any CPU.ActiveCfg = Debug|Any CPU
		{E4C827E5-6912-4804-8EE9-0913C25F66BE}.Debug|Any CPU.Build.0 = Debug|Any CPU
		{E4C827E5-6912-4804-8EE9-0913C25F66BE}.Release|Any CPU.ActiveCfg = Release|Any CPU
		{E4C827E5-6912-4804-8EE9-0913C25F66BE}.Release|Any CPU.Build.0 = Release|Any CPU
		{55E803EC-4369-4986-8594-EC0107B59470}.Debug|Any CPU.ActiveCfg = Debug|Any CPU
		{55E803EC-4369-4986-8594-EC0107B59470}.Debug|Any CPU.Build.0 = Debug|Any CPU
		{55E803EC-4369-4986-8594-EC0107B59470}.Release|Any CPU.ActiveCfg = Release|Any CPU
		{55E803EC-4369-4986-8594-EC0107B59470}.Release|Any CPU.Build.0 = Release|Any CPU
		{91575466-9160-410E-A938-79D7B5DE55E0}.Debug|Any CPU.ActiveCfg = Debug|Any CPU
		{91575466-9160-410E-A938-79D7B5DE55E0}.Release|Any CPU.ActiveCfg = Release|Any CPU
		{03270C77-500E-4E3A-BB7A-63A9643A01BD}.Debug|Any CPU.ActiveCfg = Debug|Any CPU
		{03270C77-500E-4E3A-BB7A-63A9643A01BD}.Release|Any CPU.ActiveCfg = Release|Any CPU
		{81C38655-D189-4FE2-853A-387EFAD17581}.Debug|Any CPU.ActiveCfg = Debug|Any CPU
		{81C38655-D189-4FE2-853A-387EFAD17581}.Debug|Any CPU.Build.0 = Debug|Any CPU
		{81C38655-D189-4FE2-853A-387EFAD17581}.Release|Any CPU.ActiveCfg = Release|Any CPU
		{81C38655-D189-4FE2-853A-387EFAD17581}.Release|Any CPU.Build.0 = Release|Any CPU
		{5148F32B-B6E7-4CEF-A56A-E7B729037CB7}.Debug|Any CPU.ActiveCfg = Debug|Any CPU
		{5148F32B-B6E7-4CEF-A56A-E7B729037CB7}.Debug|Any CPU.Build.0 = Debug|Any CPU
		{5148F32B-B6E7-4CEF-A56A-E7B729037CB7}.Release|Any CPU.ActiveCfg = Release|Any CPU
		{5148F32B-B6E7-4CEF-A56A-E7B729037CB7}.Release|Any CPU.Build.0 = Release|Any CPU
		{AD390F32-A3D5-4317-BC30-173A59724D57}.Debug|Any CPU.ActiveCfg = Debug|Any CPU
		{AD390F32-A3D5-4317-BC30-173A59724D57}.Debug|Any CPU.Build.0 = Debug|Any CPU
		{AD390F32-A3D5-4317-BC30-173A59724D57}.Release|Any CPU.ActiveCfg = Release|Any CPU
		{AD390F32-A3D5-4317-BC30-173A59724D57}.Release|Any CPU.Build.0 = Release|Any CPU
		{7562AB66-8E50-4F8C-81DB-23B2ADBABDF6}.Debug|Any CPU.ActiveCfg = Debug|Any CPU
		{7562AB66-8E50-4F8C-81DB-23B2ADBABDF6}.Debug|Any CPU.Build.0 = Debug|Any CPU
		{7562AB66-8E50-4F8C-81DB-23B2ADBABDF6}.Release|Any CPU.ActiveCfg = Release|Any CPU
		{7562AB66-8E50-4F8C-81DB-23B2ADBABDF6}.Release|Any CPU.Build.0 = Release|Any CPU
		{246AFD76-26B0-4D95-960E-9C6F2E42002E}.Debug|Any CPU.ActiveCfg = Debug|Any CPU
		{246AFD76-26B0-4D95-960E-9C6F2E42002E}.Debug|Any CPU.Build.0 = Debug|Any CPU
		{246AFD76-26B0-4D95-960E-9C6F2E42002E}.Release|Any CPU.ActiveCfg = Release|Any CPU
		{246AFD76-26B0-4D95-960E-9C6F2E42002E}.Release|Any CPU.Build.0 = Release|Any CPU
	EndGlobalSection
	GlobalSection(SolutionProperties) = preSolution
		HideSolutionNode = FALSE
	EndGlobalSection
	GlobalSection(NestedProjects) = preSolution
		{D3823A49-D9E6-4797-93E4-049A62D55CD5} = {735FD936-62C6-4A6A-87D1-EA874A82ECD6}
		{E4C827E5-6912-4804-8EE9-0913C25F66BE} = {735FD936-62C6-4A6A-87D1-EA874A82ECD6}
		{55E803EC-4369-4986-8594-EC0107B59470} = {735FD936-62C6-4A6A-87D1-EA874A82ECD6}
		{91575466-9160-410E-A938-79D7B5DE55E0} = {4379C79F-30BA-4F91-9A26-F699DDB27B0D}
		{03270C77-500E-4E3A-BB7A-63A9643A01BD} = {4379C79F-30BA-4F91-9A26-F699DDB27B0D}
		{81C38655-D189-4FE2-853A-387EFAD17581} = {735FD936-62C6-4A6A-87D1-EA874A82ECD6}
		{5148F32B-B6E7-4CEF-A56A-E7B729037CB7} = {735FD936-62C6-4A6A-87D1-EA874A82ECD6}
		{AD390F32-A3D5-4317-BC30-173A59724D57} = {4379C79F-30BA-4F91-9A26-F699DDB27B0D}
		{7562AB66-8E50-4F8C-81DB-23B2ADBABDF6} = {CF7E8015-5448-4E15-9510-7E97111573E8}
		{246AFD76-26B0-4D95-960E-9C6F2E42002E} = {CF7E8015-5448-4E15-9510-7E97111573E8}
	EndGlobalSection
	GlobalSection(ExtensibilityGlobals) = postSolution
		SolutionGuid = {679B5D20-D9DE-4034-B400-A9C586E6D5A2}
	EndGlobalSection
EndGlobal
