
Microsoft Visual Studio Solution File, Format Version 12.00
# Visual Studio 15
VisualStudioVersion = 15.0.27004.2008
MinimumVisualStudioVersion = 10.0.40219.1
Project("{2150E333-8FDC-42A3-9474-1A3956D46DE8}") = "src", "src", "{735FD936-62C6-4A6A-87D1-EA874A82ECD6}"
EndProject
Project("{9A19103F-16F7-4668-BE54-9A1E7A4F7556}") = "MowaInfo.ProtoSocket.Abstract", "src\MowaInfo.ProtoSocket.Abstract\MowaInfo.ProtoSocket.Abstract.csproj", "{D3823A49-D9E6-4797-93E4-049A62D55CD5}"
EndProject
Project("{9A19103F-16F7-4668-BE54-9A1E7A4F7556}") = "MowaInfo.ProtoSocket.Codecs", "src\MowaInfo.ProtoSocket.Codecs\MowaInfo.ProtoSocket.Codecs.csproj", "{E4C827E5-6912-4804-8EE9-0913C25F66BE}"
EndProject
Project("{9A19103F-16F7-4668-BE54-9A1E7A4F7556}") = "MowaInfo.ProtoSocket.Routing", "src\MowaInfo.ProtoSocket.Routing\MowaInfo.ProtoSocket.Routing.csproj", "{55E803EC-4369-4986-8594-EC0107B59470}"
EndProject
Project("{2150E333-8FDC-42A3-9474-1A3956D46DE8}") = "test", "test", "{4379C79F-30BA-4F91-9A26-F699DDB27B0D}"
EndProject
Project("{9A19103F-16F7-4668-BE54-9A1E7A4F7556}") = "MowaInfo.ProtoSocket.Codecs.Tests", "test\MowaInfo.ProtoSocket.Codecs.Tests\MowaInfo.ProtoSocket.Codecs.Tests.csproj", "{91575466-9160-410E-A938-79D7B5DE55E0}"
EndProject
Project("{9A19103F-16F7-4668-BE54-9A1E7A4F7556}") = "MowaInfo.ProtoSocket.Tests", "test\MowaInfo.ProtoSocket.Tests\MowaInfo.ProtoSocket.Tests.csproj", "{03270C77-500E-4E3A-BB7A-63A9643A01BD}"
EndProject
Project("{9A19103F-16F7-4668-BE54-9A1E7A4F7556}") = "MowaInfo.ProtoSocket", "src\MowaInfo.ProtoSocket\MowaInfo.ProtoSocket.csproj", "{81C38655-D189-4FE2-853A-387EFAD17581}"
EndProject
Project("{9A19103F-16F7-4668-BE54-9A1E7A4F7556}") = "MowaInfo.ProtoSocket.Configuration", "src\MowaInfo.ProtoSocket.Configuration\MowaInfo.ProtoSocket.Configuration.csproj", "{5148F32B-B6E7-4CEF-A56A-E7B729037CB7}"
EndProject
Project("{2150E333-8FDC-42A3-9474-1A3956D46DE8}") = "example", "example", "{24E6267C-7BD3-48C9-9779-6C5941D705B7}"
EndProject
Project("{2150E333-8FDC-42A3-9474-1A3956D46DE8}") = "model", "model", "{E998CB34-41DD-4430-8CEE-FDE0DDF449EA}"
EndProject
Project("{9A19103F-16F7-4668-BE54-9A1E7A4F7556}") = "Messages", "example\model\Messages\Messages.csproj", "{FC666790-07FB-4244-9259-C24ED7D7C6E5}"
EndProject
Project("{9A19103F-16F7-4668-BE54-9A1E7A4F7556}") = "Server", "example\Server\Server.csproj", "{2FBE6246-B608-49D4-BA01-CE914E6C5E7F}"
EndProject
Project("{9A19103F-16F7-4668-BE54-9A1E7A4F7556}") = "MowaInfo.ProtoSocket.Session", "src\MowaInfo.ProtoSocket.Session\MowaInfo.ProtoSocket.Session.csproj", "{901831DD-B2A3-461F-917C-7911ACE8AD5E}"
EndProject
Project("{9A19103F-16F7-4668-BE54-9A1E7A4F7556}") = "RedisServer", "example\RedisServer\RedisServer.csproj", "{9FFB6B56-431E-4305-ABD0-D862B3C74684}"
EndProject
Project("{9A19103F-16F7-4668-BE54-9A1E7A4F7556}") = "MowaInfo.ProtoSocket.Packing", "src\MowaInfo.ProtoSocket.Packing\MowaInfo.ProtoSocket.Packing.csproj", "{69FAF998-45EA-42D5-BB32-29C6F04347AC}"
EndProject
Project("{9A19103F-16F7-4668-BE54-9A1E7A4F7556}") = "MowaInfo.ProtoSocket.Bridging", "src\MowaInfo.ProtoSocket.Bridging\MowaInfo.ProtoSocket.Bridging.csproj", "{9CBF0B93-9E79-4538-A22F-B2E0F5A506EF}"
EndProject
Project("{9A19103F-16F7-4668-BE54-9A1E7A4F7556}") = "MowaInfo.ProtoSocket.Commands", "src\MowaInfo.ProtoSocket.Commands\MowaInfo.ProtoSocket.Commands.csproj", "{F657CD9D-C96E-422E-8BBA-A3B9E730FEF9}"
EndProject
Global
	GlobalSection(SolutionConfigurationPlatforms) = preSolution
		Debug|Any CPU = Debug|Any CPU
		Release|Any CPU = Release|Any CPU
	EndGlobalSection
	GlobalSection(ProjectConfigurationPlatforms) = postSolution
		{D3823A49-D9E6-4797-93E4-049A62D55CD5}.Debug|Any CPU.ActiveCfg = Debug|Any CPU
		{D3823A49-D9E6-4797-93E4-049A62D55CD5}.Debug|Any CPU.Build.0 = Debug|Any CPU
		{D3823A49-D9E6-4797-93E4-049A62D55CD5}.Release|Any CPU.ActiveCfg = Release|Any CPU
		{D3823A49-D9E6-4797-93E4-049A62D55CD5}.Release|Any CPU.Build.0 = Release|Any CPU
		{E4C827E5-6912-4804-8EE9-0913C25F66BE}.Debug|Any CPU.ActiveCfg = Debug|Any CPU
		{E4C827E5-6912-4804-8EE9-0913C25F66BE}.Debug|Any CPU.Build.0 = Debug|Any CPU
		{E4C827E5-6912-4804-8EE9-0913C25F66BE}.Release|Any CPU.ActiveCfg = Release|Any CPU
		{E4C827E5-6912-4804-8EE9-0913C25F66BE}.Release|Any CPU.Build.0 = Release|Any CPU
		{55E803EC-4369-4986-8594-EC0107B59470}.Debug|Any CPU.ActiveCfg = Debug|Any CPU
		{55E803EC-4369-4986-8594-EC0107B59470}.Debug|Any CPU.Build.0 = Debug|Any CPU
		{55E803EC-4369-4986-8594-EC0107B59470}.Release|Any CPU.ActiveCfg = Release|Any CPU
		{55E803EC-4369-4986-8594-EC0107B59470}.Release|Any CPU.Build.0 = Release|Any CPU
		{91575466-9160-410E-A938-79D7B5DE55E0}.Debug|Any CPU.ActiveCfg = Debug|Any CPU
		{91575466-9160-410E-A938-79D7B5DE55E0}.Release|Any CPU.ActiveCfg = Release|Any CPU
		{03270C77-500E-4E3A-BB7A-63A9643A01BD}.Debug|Any CPU.ActiveCfg = Debug|Any CPU
		{03270C77-500E-4E3A-BB7A-63A9643A01BD}.Release|Any CPU.ActiveCfg = Release|Any CPU
		{81C38655-D189-4FE2-853A-387EFAD17581}.Debug|Any CPU.ActiveCfg = Debug|Any CPU
		{81C38655-D189-4FE2-853A-387EFAD17581}.Debug|Any CPU.Build.0 = Debug|Any CPU
		{81C38655-D189-4FE2-853A-387EFAD17581}.Release|Any CPU.ActiveCfg = Release|Any CPU
		{81C38655-D189-4FE2-853A-387EFAD17581}.Release|Any CPU.Build.0 = Release|Any CPU
		{5148F32B-B6E7-4CEF-A56A-E7B729037CB7}.Debug|Any CPU.ActiveCfg = Debug|Any CPU
		{5148F32B-B6E7-4CEF-A56A-E7B729037CB7}.Debug|Any CPU.Build.0 = Debug|Any CPU
		{5148F32B-B6E7-4CEF-A56A-E7B729037CB7}.Release|Any CPU.ActiveCfg = Release|Any CPU
		{5148F32B-B6E7-4CEF-A56A-E7B729037CB7}.Release|Any CPU.Build.0 = Release|Any CPU
		{FC666790-07FB-4244-9259-C24ED7D7C6E5}.Debug|Any CPU.ActiveCfg = Debug|Any CPU
		{FC666790-07FB-4244-9259-C24ED7D7C6E5}.Debug|Any CPU.Build.0 = Debug|Any CPU
		{FC666790-07FB-4244-9259-C24ED7D7C6E5}.Release|Any CPU.ActiveCfg = Release|Any CPU
		{FC666790-07FB-4244-9259-C24ED7D7C6E5}.Release|Any CPU.Build.0 = Release|Any CPU
		{2FBE6246-B608-49D4-BA01-CE914E6C5E7F}.Debug|Any CPU.ActiveCfg = Debug|Any CPU
		{2FBE6246-B608-49D4-BA01-CE914E6C5E7F}.Debug|Any CPU.Build.0 = Debug|Any CPU
		{2FBE6246-B608-49D4-BA01-CE914E6C5E7F}.Release|Any CPU.ActiveCfg = Release|Any CPU
		{2FBE6246-B608-49D4-BA01-CE914E6C5E7F}.Release|Any CPU.Build.0 = Release|Any CPU
		{901831DD-B2A3-461F-917C-7911ACE8AD5E}.Debug|Any CPU.ActiveCfg = Debug|Any CPU
		{901831DD-B2A3-461F-917C-7911ACE8AD5E}.Debug|Any CPU.Build.0 = Debug|Any CPU
		{901831DD-B2A3-461F-917C-7911ACE8AD5E}.Release|Any CPU.ActiveCfg = Release|Any CPU
		{901831DD-B2A3-461F-917C-7911ACE8AD5E}.Release|Any CPU.Build.0 = Release|Any CPU
		{9FFB6B56-431E-4305-ABD0-D862B3C74684}.Debug|Any CPU.ActiveCfg = Debug|Any CPU
		{9FFB6B56-431E-4305-ABD0-D862B3C74684}.Debug|Any CPU.Build.0 = Debug|Any CPU
		{9FFB6B56-431E-4305-ABD0-D862B3C74684}.Release|Any CPU.ActiveCfg = Release|Any CPU
		{9FFB6B56-431E-4305-ABD0-D862B3C74684}.Release|Any CPU.Build.0 = Release|Any CPU
		{69FAF998-45EA-42D5-BB32-29C6F04347AC}.Debug|Any CPU.ActiveCfg = Debug|Any CPU
		{69FAF998-45EA-42D5-BB32-29C6F04347AC}.Debug|Any CPU.Build.0 = Debug|Any CPU
		{69FAF998-45EA-42D5-BB32-29C6F04347AC}.Release|Any CPU.ActiveCfg = Release|Any CPU
		{69FAF998-45EA-42D5-BB32-29C6F04347AC}.Release|Any CPU.Build.0 = Release|Any CPU
		{9CBF0B93-9E79-4538-A22F-B2E0F5A506EF}.Debug|Any CPU.ActiveCfg = Debug|Any CPU
		{9CBF0B93-9E79-4538-A22F-B2E0F5A506EF}.Debug|Any CPU.Build.0 = Debug|Any CPU
		{9CBF0B93-9E79-4538-A22F-B2E0F5A506EF}.Release|Any CPU.ActiveCfg = Release|Any CPU
		{9CBF0B93-9E79-4538-A22F-B2E0F5A506EF}.Release|Any CPU.Build.0 = Release|Any CPU
		{F657CD9D-C96E-422E-8BBA-A3B9E730FEF9}.Debug|Any CPU.ActiveCfg = Debug|Any CPU
		{F657CD9D-C96E-422E-8BBA-A3B9E730FEF9}.Debug|Any CPU.Build.0 = Debug|Any CPU
		{F657CD9D-C96E-422E-8BBA-A3B9E730FEF9}.Release|Any CPU.ActiveCfg = Release|Any CPU
		{F657CD9D-C96E-422E-8BBA-A3B9E730FEF9}.Release|Any CPU.Build.0 = Release|Any CPU
	EndGlobalSection
	GlobalSection(SolutionProperties) = preSolution
		HideSolutionNode = FALSE
	EndGlobalSection
	GlobalSection(NestedProjects) = preSolution
		{D3823A49-D9E6-4797-93E4-049A62D55CD5} = {735FD936-62C6-4A6A-87D1-EA874A82ECD6}
		{E4C827E5-6912-4804-8EE9-0913C25F66BE} = {735FD936-62C6-4A6A-87D1-EA874A82ECD6}
		{55E803EC-4369-4986-8594-EC0107B59470} = {735FD936-62C6-4A6A-87D1-EA874A82ECD6}
		{91575466-9160-410E-A938-79D7B5DE55E0} = {4379C79F-30BA-4F91-9A26-F699DDB27B0D}
		{03270C77-500E-4E3A-BB7A-63A9643A01BD} = {4379C79F-30BA-4F91-9A26-F699DDB27B0D}
		{81C38655-D189-4FE2-853A-387EFAD17581} = {735FD936-62C6-4A6A-87D1-EA874A82ECD6}
		{5148F32B-B6E7-4CEF-A56A-E7B729037CB7} = {735FD936-62C6-4A6A-87D1-EA874A82ECD6}
		{E998CB34-41DD-4430-8CEE-FDE0DDF449EA} = {24E6267C-7BD3-48C9-9779-6C5941D705B7}
		{FC666790-07FB-4244-9259-C24ED7D7C6E5} = {E998CB34-41DD-4430-8CEE-FDE0DDF449EA}
		{2FBE6246-B608-49D4-BA01-CE914E6C5E7F} = {24E6267C-7BD3-48C9-9779-6C5941D705B7}
		{901831DD-B2A3-461F-917C-7911ACE8AD5E} = {735FD936-62C6-4A6A-87D1-EA874A82ECD6}
		{9FFB6B56-431E-4305-ABD0-D862B3C74684} = {24E6267C-7BD3-48C9-9779-6C5941D705B7}
		{69FAF998-45EA-42D5-BB32-29C6F04347AC} = {735FD936-62C6-4A6A-87D1-EA874A82ECD6}
		{9CBF0B93-9E79-4538-A22F-B2E0F5A506EF} = {735FD936-62C6-4A6A-87D1-EA874A82ECD6}
		{F657CD9D-C96E-422E-8BBA-A3B9E730FEF9} = {735FD936-62C6-4A6A-87D1-EA874A82ECD6}
	EndGlobalSection
	GlobalSection(ExtensibilityGlobals) = postSolution
		SolutionGuid = {679B5D20-D9DE-4034-B400-A9C586E6D5A2}
	EndGlobalSection
EndGlobal
